
Microsoft Visual Studio Solution File, Format Version 12.00
# Visual Studio Version 17
VisualStudioVersion = 17.4.33213.308
MinimumVisualStudioVersion = 10.0.40219.1
Project("{9A19103F-16F7-4668-BE54-9A1E7A4F7556}") = "Foto.BookStore", "Foto.BookStore\Foto.BookStore.csproj", "{F1C834AD-1EE4-46AC-A517-A8DD4260B726}"
EndProject
Global
	GlobalSection(SolutionConfigurationPlatforms) = preSolution
		Debug|Any CPU = Debug|Any CPU
		Release|Any CPU = Release|Any CPU
	EndGlobalSection
	GlobalSection(ProjectConfigurationPlatforms) = postSolution
		{F1C834AD-1EE4-46AC-A517-A8DD4260B726}.Debug|Any CPU.ActiveCfg = Debug|Any CPU
		{F1C834AD-1EE4-46AC-A517-A8DD4260B726}.Debug|Any CPU.Build.0 = Debug|Any CPU
		{F1C834AD-1EE4-46AC-A517-A8DD4260B726}.Release|Any CPU.ActiveCfg = Release|Any CPU
		{F1C834AD-1EE4-46AC-A517-A8DD4260B726}.Release|Any CPU.Build.0 = Release|Any CPU
	EndGlobalSection
	GlobalSection(SolutionProperties) = preSolution
		HideSolutionNode = FALSE
	EndGlobalSection
	GlobalSection(ExtensibilityGlobals) = postSolution
		SolutionGuid = {80004432-9FBF-4045-A883-6932EB6801E3}
	EndGlobalSection
EndGlobal
